// !$*UTF8*$!
{
	archiveVersion = 1;
	classes = {
	};
	objectVersion = 56;
	objects = {

/* Begin PBXBuildFile section */
		8C78FC712B7BEA720028D800 /* AddEditViewType.swift in Sources */ = {isa = PBXBuildFile; fileRef = 8C78FC702B7BEA720028D800 /* AddEditViewType.swift */; };
		8C78FC732B7BF21C0028D800 /* AlarmRowViewButton.swift in Sources */ = {isa = PBXBuildFile; fileRef = 8C78FC722B7BF21C0028D800 /* AlarmRowViewButton.swift */; };
		8C78FC752B7CC7DF0028D800 /* ImageDisplayView.swift in Sources */ = {isa = PBXBuildFile; fileRef = 8C78FC742B7CC7DF0028D800 /* ImageDisplayView.swift */; };
		8C78FC772B7CC8CB0028D800 /* SelectView.swift in Sources */ = {isa = PBXBuildFile; fileRef = 8C78FC762B7CC8CB0028D800 /* SelectView.swift */; };
		8C7998B92B7A15B1006DF5F1 /* AddEditCircularAlarmView.swift in Sources */ = {isa = PBXBuildFile; fileRef = 8C7998B82B7A15B1006DF5F1 /* AddEditCircularAlarmView.swift */; };
		8C7998BB2B7A1901006DF5F1 /* CircularTimeView.swift in Sources */ = {isa = PBXBuildFile; fileRef = 8C7998BA2B7A1901006DF5F1 /* CircularTimeView.swift */; };
		8C7998BE2B7A2DA5006DF5F1 /* CentralDatePickerView.swift in Sources */ = {isa = PBXBuildFile; fileRef = 8C7998BD2B7A2DA5006DF5F1 /* CentralDatePickerView.swift */; };
		8C7998C02B7A3283006DF5F1 /* TimeArcView.swift in Sources */ = {isa = PBXBuildFile; fileRef = 8C7998BF2B7A3283006DF5F1 /* TimeArcView.swift */; };
		8C7998C22B7A38A3006DF5F1 /* DisplayIconOnCircularTimeView.swift in Sources */ = {isa = PBXBuildFile; fileRef = 8C7998C12B7A38A3006DF5F1 /* DisplayIconOnCircularTimeView.swift */; };
		8C7998C42B7A4228006DF5F1 /* MainAddEditAlarmView.swift in Sources */ = {isa = PBXBuildFile; fileRef = 8C7998C32B7A4228006DF5F1 /* MainAddEditAlarmView.swift */; };
		8C7998C62B7A495B006DF5F1 /* SelectActivityViewExpanded.swift in Sources */ = {isa = PBXBuildFile; fileRef = 8C7998C52B7A495B006DF5F1 /* SelectActivityViewExpanded.swift */; };
		8C7998C82B7A6210006DF5F1 /* LocalNotificationManager.swift in Sources */ = {isa = PBXBuildFile; fileRef = 8C7998C72B7A6210006DF5F1 /* LocalNotificationManager.swift */; };
		8C7998DF2B7A6FB8006DF5F1 /* screeching owl.mp3 in Resources */ = {isa = PBXBuildFile; fileRef = 8C7998C92B7A6FAE006DF5F1 /* screeching owl.mp3 */; };
		8C7998E02B7A6FB8006DF5F1 /* mr_grinch_ravens.mp3 in Resources */ = {isa = PBXBuildFile; fileRef = 8C7998CA2B7A6FAE006DF5F1 /* mr_grinch_ravens.mp3 */; };
		8C7998E12B7A6FB8006DF5F1 /* forest with cuckoo birds.mp3 in Resources */ = {isa = PBXBuildFile; fileRef = 8C7998CB2B7A6FAF006DF5F1 /* forest with cuckoo birds.mp3 */; };
		8C7998E22B7A6FB8006DF5F1 /* night ambience.mp3 in Resources */ = {isa = PBXBuildFile; fileRef = 8C7998CC2B7A6FAF006DF5F1 /* night ambience.mp3 */; };
		8C7998E32B7A6FB8006DF5F1 /* welcome_to_my_house.mp3 in Resources */ = {isa = PBXBuildFile; fileRef = 8C7998CD2B7A6FB0006DF5F1 /* welcome_to_my_house.mp3 */; };
		8C7998E42B7A6FB8006DF5F1 /* bird forest.mp3 in Resources */ = {isa = PBXBuildFile; fileRef = 8C7998CE2B7A6FB0006DF5F1 /* bird forest.mp3 */; };
		8C7998E52B7A6FB8006DF5F1 /* tennessee_whiskey.mp3 in Resources */ = {isa = PBXBuildFile; fileRef = 8C7998CF2B7A6FB1006DF5F1 /* tennessee_whiskey.mp3 */; };
		8C7998E62B7A6FB8006DF5F1 /* Sound Wake up.aiff in Resources */ = {isa = PBXBuildFile; fileRef = 8C7998D02B7A6FB1006DF5F1 /* Sound Wake up.aiff */; };
		8C7998E82B7A6FB8006DF5F1 /* soft rain ambient.mp3 in Resources */ = {isa = PBXBuildFile; fileRef = 8C7998D22B7A6FB3006DF5F1 /* soft rain ambient.mp3 */; };
		8C7998E92B7A6FB8006DF5F1 /* turkey_time.mp3 in Resources */ = {isa = PBXBuildFile; fileRef = 8C7998D32B7A6FB3006DF5F1 /* turkey_time.mp3 */; };
		8C7998EA2B7A6FB8006DF5F1 /* peanuts_ringtone.mp3 in Resources */ = {isa = PBXBuildFile; fileRef = 8C7998D42B7A6FB3006DF5F1 /* peanuts_ringtone.mp3 */; };
		8C7998EB2B7A6FB8006DF5F1 /* my_baby.mp3 in Resources */ = {isa = PBXBuildFile; fileRef = 8C7998D52B7A6FB4006DF5F1 /* my_baby.mp3 */; };
		8C7998EC2B7A6FB8006DF5F1 /* bird voices.mp3 in Resources */ = {isa = PBXBuildFile; fileRef = 8C7998D62B7A6FB4006DF5F1 /* bird voices.mp3 */; };
		8C7998ED2B7A6FB8006DF5F1 /* Lagrima.aiff in Resources */ = {isa = PBXBuildFile; fileRef = 8C7998D72B7A6FB5006DF5F1 /* Lagrima.aiff */; };
		8C7998EE2B7A6FB8006DF5F1 /* owl hooting.mp3 in Resources */ = {isa = PBXBuildFile; fileRef = 8C7998D82B7A6FB5006DF5F1 /* owl hooting.mp3 */; };
		8C7998EF2B7A6FB8006DF5F1 /* forest birds sweden.mp3 in Resources */ = {isa = PBXBuildFile; fileRef = 8C7998D92B7A6FB5006DF5F1 /* forest birds sweden.mp3 */; };
		8C7998F02B7A6FB8006DF5F1 /* christmas_bells.mp3 in Resources */ = {isa = PBXBuildFile; fileRef = 8C7998DA2B7A6FB6006DF5F1 /* christmas_bells.mp3 */; };
		8C7998F12B7A6FB8006DF5F1 /* the beat of nature.mp3 in Resources */ = {isa = PBXBuildFile; fileRef = 8C7998DB2B7A6FB7006DF5F1 /* the beat of nature.mp3 */; };
		8C7998F22B7A6FB8006DF5F1 /* waterfall.mp3 in Resources */ = {isa = PBXBuildFile; fileRef = 8C7998DC2B7A6FB8006DF5F1 /* waterfall.mp3 */; };
		8C7998F32B7A6FB8006DF5F1 /* wasted_on_u.mp3 in Resources */ = {isa = PBXBuildFile; fileRef = 8C7998DD2B7A6FB8006DF5F1 /* wasted_on_u.mp3 */; };
		8C9A5C322B769B5000847892 /* TimePickerView.swift in Sources */ = {isa = PBXBuildFile; fileRef = 8C9A5C312B769B4F00847892 /* TimePickerView.swift */; };
		8C9A5C342B769D1600847892 /* SelectActivityView.swift in Sources */ = {isa = PBXBuildFile; fileRef = 8C9A5C332B769D1600847892 /* SelectActivityView.swift */; };
		8C9A5C362B76AA4100847892 /* ListOfAlarmsView.swift in Sources */ = {isa = PBXBuildFile; fileRef = 8C9A5C352B76AA4100847892 /* ListOfAlarmsView.swift */; };
		8CA3798B2B73A2CB004DBEB3 /* AlarmApp.swift in Sources */ = {isa = PBXBuildFile; fileRef = 8CA3798A2B73A2CB004DBEB3 /* AlarmApp.swift */; };
		8CA3798D2B73A2CB004DBEB3 /* MainAlarmView.swift in Sources */ = {isa = PBXBuildFile; fileRef = 8CA3798C2B73A2CB004DBEB3 /* MainAlarmView.swift */; };
		8CA3798F2B73A2CE004DBEB3 /* Assets.xcassets in Resources */ = {isa = PBXBuildFile; fileRef = 8CA3798E2B73A2CE004DBEB3 /* Assets.xcassets */; };
		8CA379932B73A2CE004DBEB3 /* Preview Assets.xcassets in Resources */ = {isa = PBXBuildFile; fileRef = 8CA379922B73A2CE004DBEB3 /* Preview Assets.xcassets */; };
		8CA379AD2B73AA61004DBEB3 /* Localizable.xcstrings in Resources */ = {isa = PBXBuildFile; fileRef = 8CA379AC2B73AA61004DBEB3 /* Localizable.xcstrings */; };
		8CA379B22B73D48A004DBEB3 /* ColorExtension.swift in Sources */ = {isa = PBXBuildFile; fileRef = 8CA379B12B73D48A004DBEB3 /* ColorExtension.swift */; };
		8CA379B42B73D997004DBEB3 /* TimeOfDayIconView.swift in Sources */ = {isa = PBXBuildFile; fileRef = 8CA379B32B73D997004DBEB3 /* TimeOfDayIconView.swift */; };
		8CA379B62B73DA63004DBEB3 /* TimeAndDateSupport.swift in Sources */ = {isa = PBXBuildFile; fileRef = 8CA379B52B73DA63004DBEB3 /* TimeAndDateSupport.swift */; };
		8CA379BA2B73E625004DBEB3 /* TimeModel.swift in Sources */ = {isa = PBXBuildFile; fileRef = 8CA379B92B73E625004DBEB3 /* TimeModel.swift */; };
		8CA379BC2B73E860004DBEB3 /* TimeAndDateExtension.swift in Sources */ = {isa = PBXBuildFile; fileRef = 8CA379BB2B73E860004DBEB3 /* TimeAndDateExtension.swift */; };
		8CA379BE2B73EE24004DBEB3 /* AlarmModel.swift in Sources */ = {isa = PBXBuildFile; fileRef = 8CA379BD2B73EE24004DBEB3 /* AlarmModel.swift */; };
		8CA379C02B73F156004DBEB3 /* ActivityConstants.swift in Sources */ = {isa = PBXBuildFile; fileRef = 8CA379BF2B73F156004DBEB3 /* ActivityConstants.swift */; };
		8CA379C22B73F22C004DBEB3 /* SoundConstants.swift in Sources */ = {isa = PBXBuildFile; fileRef = 8CA379C12B73F22C004DBEB3 /* SoundConstants.swift */; };
		8CA379C42B73F4ED004DBEB3 /* SplashScreenView.swift in Sources */ = {isa = PBXBuildFile; fileRef = 8CA379C32B73F4ED004DBEB3 /* SplashScreenView.swift */; };
		8CA379C62B73F6EE004DBEB3 /* FourCoolCircles.swift in Sources */ = {isa = PBXBuildFile; fileRef = 8CA379C52B73F6EE004DBEB3 /* FourCoolCircles.swift */; };
		8CA379C82B73F7FF004DBEB3 /* CoolCircleView.swift in Sources */ = {isa = PBXBuildFile; fileRef = 8CA379C72B73F7FF004DBEB3 /* CoolCircleView.swift */; };
		8CA379CD2B74B076004DBEB3 /* WorkSans-VariableFont_wght.ttf in Resources */ = {isa = PBXBuildFile; fileRef = 8CA379CB2B74B075004DBEB3 /* WorkSans-VariableFont_wght.ttf */; };
		8CA379CE2B74B076004DBEB3 /* WorkSans-Italic-VariableFont_wght.ttf in Resources */ = {isa = PBXBuildFile; fileRef = 8CA379CC2B74B075004DBEB3 /* WorkSans-Italic-VariableFont_wght.ttf */; };
		8CA379D02B74B0C8004DBEB3 /* CoolTextView.swift in Sources */ = {isa = PBXBuildFile; fileRef = 8CA379CF2B74B0C8004DBEB3 /* CoolTextView.swift */; };
		8CA379D22B74BC9F004DBEB3 /* ImageConstants.swift in Sources */ = {isa = PBXBuildFile; fileRef = 8CA379D12B74BC9F004DBEB3 /* ImageConstants.swift */; };
		8CA379D42B74BF18004DBEB3 /* EnableNotificationsView.swift in Sources */ = {isa = PBXBuildFile; fileRef = 8CA379D32B74BF18004DBEB3 /* EnableNotificationsView.swift */; };
		8CA379D62B74C022004DBEB3 /* MainGradient.swift in Sources */ = {isa = PBXBuildFile; fileRef = 8CA379D52B74C022004DBEB3 /* MainGradient.swift */; };
		8CA379DC2B74CDD5004DBEB3 /* ButtonView.swift in Sources */ = {isa = PBXBuildFile; fileRef = 8CA379DB2B74CDD5004DBEB3 /* ButtonView.swift */; };
		8CA379DE2B74D127004DBEB3 /* AboutView.swift in Sources */ = {isa = PBXBuildFile; fileRef = 8CA379DD2B74D127004DBEB3 /* AboutView.swift */; };
		8CA379E02B764632004DBEB3 /* AddEditAlarmView.swift in Sources */ = {isa = PBXBuildFile; fileRef = 8CA379DF2B764632004DBEB3 /* AddEditAlarmView.swift */; };
		8CA379E22B76474B004DBEB3 /* YouDidItView.swift in Sources */ = {isa = PBXBuildFile; fileRef = 8CA379E12B76474B004DBEB3 /* YouDidItView.swift */; };
		8CA379E42B764B95004DBEB3 /* ToBeWakeUpView.swift in Sources */ = {isa = PBXBuildFile; fileRef = 8CA379E32B764B95004DBEB3 /* ToBeWakeUpView.swift */; };
		8CA379E62B766CB6004DBEB3 /* CancelSaveAlarmView.swift in Sources */ = {isa = PBXBuildFile; fileRef = 8CA379E52B766CB6004DBEB3 /* CancelSaveAlarmView.swift */; };
		8CA379E82B766E10004DBEB3 /* AlarmToggleView.swift in Sources */ = {isa = PBXBuildFile; fileRef = 8CA379E72B766E10004DBEB3 /* AlarmToggleView.swift */; };
		8CA379EA2B766F04004DBEB3 /* GrayedTextView.swift in Sources */ = {isa = PBXBuildFile; fileRef = 8CA379E92B766F04004DBEB3 /* GrayedTextView.swift */; };
		8CA379EC2B767094004DBEB3 /* SwitchButtonView.swift in Sources */ = {isa = PBXBuildFile; fileRef = 8CA379EB2B767094004DBEB3 /* SwitchButtonView.swift */; };
		8CA379EF2B767589004DBEB3 /* ShiftedTextView.swift in Sources */ = {isa = PBXBuildFile; fileRef = 8CA379EE2B767588004DBEB3 /* ShiftedTextView.swift */; };
		8CA379F12B7678A7004DBEB3 /* ShiftedCircle.swift in Sources */ = {isa = PBXBuildFile; fileRef = 8CA379F02B7678A7004DBEB3 /* ShiftedCircle.swift */; };
		8CCD35832B7B870900008E0E /* StringExtension.swift in Sources */ = {isa = PBXBuildFile; fileRef = 8CCD35822B7B870900008E0E /* StringExtension.swift */; };
		8CCD35862B7B8AE900008E0E /* PlaySound.swift in Sources */ = {isa = PBXBuildFile; fileRef = 8CCD35852B7B8AE900008E0E /* PlaySound.swift */; };
		8CCD35882B7B8E0200008E0E /* SoundMenuView.swift in Sources */ = {isa = PBXBuildFile; fileRef = 8CCD35872B7B8E0200008E0E /* SoundMenuView.swift */; };
		8CCD358A2B7B957C00008E0E /* SoundMenuViewFromButton.swift in Sources */ = {isa = PBXBuildFile; fileRef = 8CCD35892B7B957C00008E0E /* SoundMenuViewFromButton.swift */; };
		8CCD358E2B7BCB6500008E0E /* ChooseAlarmView.swift in Sources */ = {isa = PBXBuildFile; fileRef = 8CCD358D2B7BCB6500008E0E /* ChooseAlarmView.swift */; };
/* End PBXBuildFile section */

/* Begin PBXFileReference section */
		8C78FC702B7BEA720028D800 /* AddEditViewType.swift */ = {isa = PBXFileReference; lastKnownFileType = sourcecode.swift; path = AddEditViewType.swift; sourceTree = "<group>"; };
		8C78FC722B7BF21C0028D800 /* AlarmRowViewButton.swift */ = {isa = PBXFileReference; lastKnownFileType = sourcecode.swift; path = AlarmRowViewButton.swift; sourceTree = "<group>"; };
		8C78FC742B7CC7DF0028D800 /* ImageDisplayView.swift */ = {isa = PBXFileReference; lastKnownFileType = sourcecode.swift; name = ImageDisplayView.swift; path = Alarm/Code/Alarm/Views/SupportView/ImageDisplayView.swift; sourceTree = SOURCE_ROOT; };
		8C78FC762B7CC8CB0028D800 /* SelectView.swift */ = {isa = PBXFileReference; lastKnownFileType = sourcecode.swift; path = SelectView.swift; sourceTree = "<group>"; };
		8C7998B82B7A15B1006DF5F1 /* AddEditCircularAlarmView.swift */ = {isa = PBXFileReference; lastKnownFileType = sourcecode.swift; path = AddEditCircularAlarmView.swift; sourceTree = "<group>"; };
		8C7998BA2B7A1901006DF5F1 /* CircularTimeView.swift */ = {isa = PBXFileReference; lastKnownFileType = sourcecode.swift; path = CircularTimeView.swift; sourceTree = "<group>"; };
		8C7998BD2B7A2DA5006DF5F1 /* CentralDatePickerView.swift */ = {isa = PBXFileReference; lastKnownFileType = sourcecode.swift; path = CentralDatePickerView.swift; sourceTree = "<group>"; };
		8C7998BF2B7A3283006DF5F1 /* TimeArcView.swift */ = {isa = PBXFileReference; lastKnownFileType = sourcecode.swift; path = TimeArcView.swift; sourceTree = "<group>"; };
		8C7998C12B7A38A3006DF5F1 /* DisplayIconOnCircularTimeView.swift */ = {isa = PBXFileReference; lastKnownFileType = sourcecode.swift; path = DisplayIconOnCircularTimeView.swift; sourceTree = "<group>"; };
		8C7998C32B7A4228006DF5F1 /* MainAddEditAlarmView.swift */ = {isa = PBXFileReference; lastKnownFileType = sourcecode.swift; path = MainAddEditAlarmView.swift; sourceTree = "<group>"; };
		8C7998C52B7A495B006DF5F1 /* SelectActivityViewExpanded.swift */ = {isa = PBXFileReference; lastKnownFileType = sourcecode.swift; path = SelectActivityViewExpanded.swift; sourceTree = "<group>"; };
		8C7998C72B7A6210006DF5F1 /* LocalNotificationManager.swift */ = {isa = PBXFileReference; lastKnownFileType = sourcecode.swift; path = LocalNotificationManager.swift; sourceTree = "<group>"; };
		8C7998C92B7A6FAE006DF5F1 /* screeching owl.mp3 */ = {isa = PBXFileReference; lastKnownFileType = audio.mp3; path = "screeching owl.mp3"; sourceTree = "<group>"; };
		8C7998CA2B7A6FAE006DF5F1 /* mr_grinch_ravens.mp3 */ = {isa = PBXFileReference; lastKnownFileType = audio.mp3; path = mr_grinch_ravens.mp3; sourceTree = "<group>"; };
		8C7998CB2B7A6FAF006DF5F1 /* forest with cuckoo birds.mp3 */ = {isa = PBXFileReference; lastKnownFileType = audio.mp3; path = "forest with cuckoo birds.mp3"; sourceTree = "<group>"; };
		8C7998CC2B7A6FAF006DF5F1 /* night ambience.mp3 */ = {isa = PBXFileReference; lastKnownFileType = audio.mp3; path = "night ambience.mp3"; sourceTree = "<group>"; };
		8C7998CD2B7A6FB0006DF5F1 /* welcome_to_my_house.mp3 */ = {isa = PBXFileReference; lastKnownFileType = audio.mp3; path = welcome_to_my_house.mp3; sourceTree = "<group>"; };
		8C7998CE2B7A6FB0006DF5F1 /* bird forest.mp3 */ = {isa = PBXFileReference; lastKnownFileType = audio.mp3; path = "bird forest.mp3"; sourceTree = "<group>"; };
		8C7998CF2B7A6FB1006DF5F1 /* tennessee_whiskey.mp3 */ = {isa = PBXFileReference; lastKnownFileType = audio.mp3; path = tennessee_whiskey.mp3; sourceTree = "<group>"; };
		8C7998D02B7A6FB1006DF5F1 /* Sound Wake up.aiff */ = {isa = PBXFileReference; lastKnownFileType = audio.aiff; path = "Sound Wake up.aiff"; sourceTree = "<group>"; };
		8C7998D22B7A6FB3006DF5F1 /* soft rain ambient.mp3 */ = {isa = PBXFileReference; lastKnownFileType = audio.mp3; path = "soft rain ambient.mp3"; sourceTree = "<group>"; };
		8C7998D32B7A6FB3006DF5F1 /* turkey_time.mp3 */ = {isa = PBXFileReference; lastKnownFileType = audio.mp3; path = turkey_time.mp3; sourceTree = "<group>"; };
		8C7998D42B7A6FB3006DF5F1 /* peanuts_ringtone.mp3 */ = {isa = PBXFileReference; lastKnownFileType = audio.mp3; path = peanuts_ringtone.mp3; sourceTree = "<group>"; };
		8C7998D52B7A6FB4006DF5F1 /* my_baby.mp3 */ = {isa = PBXFileReference; lastKnownFileType = audio.mp3; path = my_baby.mp3; sourceTree = "<group>"; };
		8C7998D62B7A6FB4006DF5F1 /* bird voices.mp3 */ = {isa = PBXFileReference; lastKnownFileType = audio.mp3; path = "bird voices.mp3"; sourceTree = "<group>"; };
		8C7998D72B7A6FB5006DF5F1 /* Lagrima.aiff */ = {isa = PBXFileReference; lastKnownFileType = audio.aiff; path = Lagrima.aiff; sourceTree = "<group>"; };
		8C7998D82B7A6FB5006DF5F1 /* owl hooting.mp3 */ = {isa = PBXFileReference; lastKnownFileType = audio.mp3; path = "owl hooting.mp3"; sourceTree = "<group>"; };
		8C7998D92B7A6FB5006DF5F1 /* forest birds sweden.mp3 */ = {isa = PBXFileReference; lastKnownFileType = audio.mp3; path = "forest birds sweden.mp3"; sourceTree = "<group>"; };
		8C7998DA2B7A6FB6006DF5F1 /* christmas_bells.mp3 */ = {isa = PBXFileReference; lastKnownFileType = audio.mp3; path = christmas_bells.mp3; sourceTree = "<group>"; };
		8C7998DB2B7A6FB7006DF5F1 /* the beat of nature.mp3 */ = {isa = PBXFileReference; lastKnownFileType = audio.mp3; path = "the beat of nature.mp3"; sourceTree = "<group>"; };
		8C7998DC2B7A6FB8006DF5F1 /* waterfall.mp3 */ = {isa = PBXFileReference; lastKnownFileType = audio.mp3; path = waterfall.mp3; sourceTree = "<group>"; };
		8C7998DD2B7A6FB8006DF5F1 /* wasted_on_u.mp3 */ = {isa = PBXFileReference; lastKnownFileType = audio.mp3; path = wasted_on_u.mp3; sourceTree = "<group>"; };
		8C9A5C312B769B4F00847892 /* TimePickerView.swift */ = {isa = PBXFileReference; lastKnownFileType = sourcecode.swift; path = TimePickerView.swift; sourceTree = "<group>"; };
		8C9A5C332B769D1600847892 /* SelectActivityView.swift */ = {isa = PBXFileReference; lastKnownFileType = sourcecode.swift; path = SelectActivityView.swift; sourceTree = "<group>"; };
		8C9A5C352B76AA4100847892 /* ListOfAlarmsView.swift */ = {isa = PBXFileReference; lastKnownFileType = sourcecode.swift; path = ListOfAlarmsView.swift; sourceTree = "<group>"; };
		8CA379872B73A2CB004DBEB3 /* Alarm.app */ = {isa = PBXFileReference; explicitFileType = wrapper.application; includeInIndex = 0; path = Alarm.app; sourceTree = BUILT_PRODUCTS_DIR; };
		8CA3798A2B73A2CB004DBEB3 /* AlarmApp.swift */ = {isa = PBXFileReference; lastKnownFileType = sourcecode.swift; path = AlarmApp.swift; sourceTree = "<group>"; };
		8CA3798C2B73A2CB004DBEB3 /* MainAlarmView.swift */ = {isa = PBXFileReference; lastKnownFileType = sourcecode.swift; path = MainAlarmView.swift; sourceTree = "<group>"; };
		8CA3798E2B73A2CE004DBEB3 /* Assets.xcassets */ = {isa = PBXFileReference; lastKnownFileType = folder.assetcatalog; path = Assets.xcassets; sourceTree = "<group>"; };
		8CA379902B73A2CE004DBEB3 /* Alarm.entitlements */ = {isa = PBXFileReference; lastKnownFileType = text.plist.entitlements; path = Alarm.entitlements; sourceTree = "<group>"; };
		8CA379922B73A2CE004DBEB3 /* Preview Assets.xcassets */ = {isa = PBXFileReference; lastKnownFileType = folder.assetcatalog; path = "Preview Assets.xcassets"; sourceTree = "<group>"; };
		8CA379AC2B73AA61004DBEB3 /* Localizable.xcstrings */ = {isa = PBXFileReference; lastKnownFileType = text.json.xcstrings; path = Localizable.xcstrings; sourceTree = "<group>"; };
		8CA379B12B73D48A004DBEB3 /* ColorExtension.swift */ = {isa = PBXFileReference; lastKnownFileType = sourcecode.swift; path = ColorExtension.swift; sourceTree = "<group>"; };
		8CA379B32B73D997004DBEB3 /* TimeOfDayIconView.swift */ = {isa = PBXFileReference; lastKnownFileType = sourcecode.swift; path = TimeOfDayIconView.swift; sourceTree = "<group>"; };
		8CA379B52B73DA63004DBEB3 /* TimeAndDateSupport.swift */ = {isa = PBXFileReference; lastKnownFileType = sourcecode.swift; path = TimeAndDateSupport.swift; sourceTree = "<group>"; };
		8CA379B92B73E625004DBEB3 /* TimeModel.swift */ = {isa = PBXFileReference; lastKnownFileType = sourcecode.swift; path = TimeModel.swift; sourceTree = "<group>"; };
		8CA379BB2B73E860004DBEB3 /* TimeAndDateExtension.swift */ = {isa = PBXFileReference; lastKnownFileType = sourcecode.swift; path = TimeAndDateExtension.swift; sourceTree = "<group>"; };
		8CA379BD2B73EE24004DBEB3 /* AlarmModel.swift */ = {isa = PBXFileReference; lastKnownFileType = sourcecode.swift; path = AlarmModel.swift; sourceTree = "<group>"; };
		8CA379BF2B73F156004DBEB3 /* ActivityConstants.swift */ = {isa = PBXFileReference; lastKnownFileType = sourcecode.swift; path = ActivityConstants.swift; sourceTree = "<group>"; };
		8CA379C12B73F22C004DBEB3 /* SoundConstants.swift */ = {isa = PBXFileReference; lastKnownFileType = sourcecode.swift; path = SoundConstants.swift; sourceTree = "<group>"; };
		8CA379C32B73F4ED004DBEB3 /* SplashScreenView.swift */ = {isa = PBXFileReference; lastKnownFileType = sourcecode.swift; path = SplashScreenView.swift; sourceTree = "<group>"; };
		8CA379C52B73F6EE004DBEB3 /* FourCoolCircles.swift */ = {isa = PBXFileReference; lastKnownFileType = sourcecode.swift; path = FourCoolCircles.swift; sourceTree = "<group>"; };
		8CA379C72B73F7FF004DBEB3 /* CoolCircleView.swift */ = {isa = PBXFileReference; lastKnownFileType = sourcecode.swift; path = CoolCircleView.swift; sourceTree = "<group>"; };
		8CA379CB2B74B075004DBEB3 /* WorkSans-VariableFont_wght.ttf */ = {isa = PBXFileReference; lastKnownFileType = file; path = "WorkSans-VariableFont_wght.ttf"; sourceTree = "<group>"; };
		8CA379CC2B74B075004DBEB3 /* WorkSans-Italic-VariableFont_wght.ttf */ = {isa = PBXFileReference; lastKnownFileType = file; path = "WorkSans-Italic-VariableFont_wght.ttf"; sourceTree = "<group>"; };
		8CA379CF2B74B0C8004DBEB3 /* CoolTextView.swift */ = {isa = PBXFileReference; lastKnownFileType = sourcecode.swift; path = CoolTextView.swift; sourceTree = "<group>"; };
		8CA379D12B74BC9F004DBEB3 /* ImageConstants.swift */ = {isa = PBXFileReference; lastKnownFileType = sourcecode.swift; path = ImageConstants.swift; sourceTree = "<group>"; };
		8CA379D32B74BF18004DBEB3 /* EnableNotificationsView.swift */ = {isa = PBXFileReference; lastKnownFileType = sourcecode.swift; path = EnableNotificationsView.swift; sourceTree = "<group>"; };
		8CA379D52B74C022004DBEB3 /* MainGradient.swift */ = {isa = PBXFileReference; lastKnownFileType = sourcecode.swift; path = MainGradient.swift; sourceTree = "<group>"; };
		8CA379DB2B74CDD5004DBEB3 /* ButtonView.swift */ = {isa = PBXFileReference; lastKnownFileType = sourcecode.swift; path = ButtonView.swift; sourceTree = "<group>"; };
		8CA379DD2B74D127004DBEB3 /* AboutView.swift */ = {isa = PBXFileReference; lastKnownFileType = sourcecode.swift; path = AboutView.swift; sourceTree = "<group>"; };
		8CA379DF2B764632004DBEB3 /* AddEditAlarmView.swift */ = {isa = PBXFileReference; lastKnownFileType = sourcecode.swift; path = AddEditAlarmView.swift; sourceTree = "<group>"; };
		8CA379E12B76474B004DBEB3 /* YouDidItView.swift */ = {isa = PBXFileReference; lastKnownFileType = sourcecode.swift; path = YouDidItView.swift; sourceTree = "<group>"; };
		8CA379E32B764B95004DBEB3 /* ToBeWakeUpView.swift */ = {isa = PBXFileReference; lastKnownFileType = sourcecode.swift; path = ToBeWakeUpView.swift; sourceTree = "<group>"; };
		8CA379E52B766CB6004DBEB3 /* CancelSaveAlarmView.swift */ = {isa = PBXFileReference; lastKnownFileType = sourcecode.swift; path = CancelSaveAlarmView.swift; sourceTree = "<group>"; };
		8CA379E72B766E10004DBEB3 /* AlarmToggleView.swift */ = {isa = PBXFileReference; lastKnownFileType = sourcecode.swift; path = AlarmToggleView.swift; sourceTree = "<group>"; };
		8CA379E92B766F04004DBEB3 /* GrayedTextView.swift */ = {isa = PBXFileReference; lastKnownFileType = sourcecode.swift; path = GrayedTextView.swift; sourceTree = "<group>"; };
		8CA379EB2B767094004DBEB3 /* SwitchButtonView.swift */ = {isa = PBXFileReference; lastKnownFileType = sourcecode.swift; path = SwitchButtonView.swift; sourceTree = "<group>"; };
		8CA379EE2B767588004DBEB3 /* ShiftedTextView.swift */ = {isa = PBXFileReference; lastKnownFileType = sourcecode.swift; path = ShiftedTextView.swift; sourceTree = "<group>"; };
		8CA379F02B7678A7004DBEB3 /* ShiftedCircle.swift */ = {isa = PBXFileReference; lastKnownFileType = sourcecode.swift; path = ShiftedCircle.swift; sourceTree = "<group>"; };
		8CCD35822B7B870900008E0E /* StringExtension.swift */ = {isa = PBXFileReference; lastKnownFileType = sourcecode.swift; path = StringExtension.swift; sourceTree = "<group>"; };
		8CCD35852B7B8AE900008E0E /* PlaySound.swift */ = {isa = PBXFileReference; lastKnownFileType = sourcecode.swift; path = PlaySound.swift; sourceTree = "<group>"; };
		8CCD35872B7B8E0200008E0E /* SoundMenuView.swift */ = {isa = PBXFileReference; lastKnownFileType = sourcecode.swift; path = SoundMenuView.swift; sourceTree = "<group>"; };
		8CCD35892B7B957C00008E0E /* SoundMenuViewFromButton.swift */ = {isa = PBXFileReference; lastKnownFileType = sourcecode.swift; path = SoundMenuViewFromButton.swift; sourceTree = "<group>"; };
		8CCD358D2B7BCB6500008E0E /* ChooseAlarmView.swift */ = {isa = PBXFileReference; lastKnownFileType = sourcecode.swift; path = ChooseAlarmView.swift; sourceTree = "<group>"; };
/* End PBXFileReference section */

/* Begin PBXFrameworksBuildPhase section */
		8CA379842B73A2CB004DBEB3 /* Frameworks */ = {
			isa = PBXFrameworksBuildPhase;
			buildActionMask = 2147483647;
			files = (
			);
			runOnlyForDeploymentPostprocessing = 0;
		};
/* End PBXFrameworksBuildPhase section */

/* Begin PBXGroup section */
		8C7998BC2B7A2249006DF5F1 /* CircularTimeView */ = {
			isa = PBXGroup;
			children = (
				8C7998BA2B7A1901006DF5F1 /* CircularTimeView.swift */,
				8C7998BD2B7A2DA5006DF5F1 /* CentralDatePickerView.swift */,
				8C7998BF2B7A3283006DF5F1 /* TimeArcView.swift */,
				8C7998C12B7A38A3006DF5F1 /* DisplayIconOnCircularTimeView.swift */,
			);
			path = CircularTimeView;
			sourceTree = "<group>";
		};
		8CA3797E2B73A2CB004DBEB3 = {
			isa = PBXGroup;
			children = (
				8CA379892B73A2CB004DBEB3 /* Alarm */,
				8CA379882B73A2CB004DBEB3 /* Products */,
			);
			sourceTree = "<group>";
		};
		8CA379882B73A2CB004DBEB3 /* Products */ = {
			isa = PBXGroup;
			children = (
				8CA379872B73A2CB004DBEB3 /* Alarm.app */,
			);
			name = Products;
			sourceTree = "<group>";
		};
		8CA379892B73A2CB004DBEB3 /* Alarm */ = {
			isa = PBXGroup;
			children = (
				8CA379992B73A2E3004DBEB3 /* App */,
				8CA3799A2B73A2E7004DBEB3 /* Code */,
				8CA3799B2B73A2EF004DBEB3 /* Resources */,
			);
			path = Alarm;
			sourceTree = "<group>";
		};
		8CA379912B73A2CE004DBEB3 /* Preview Content */ = {
			isa = PBXGroup;
			children = (
				8CA379922B73A2CE004DBEB3 /* Preview Assets.xcassets */,
			);
			path = "Preview Content";
			sourceTree = "<group>";
		};
		8CA379992B73A2E3004DBEB3 /* App */ = {
			isa = PBXGroup;
			children = (
				8CA3798A2B73A2CB004DBEB3 /* AlarmApp.swift */,
			);
			path = App;
			sourceTree = "<group>";
		};
		8CA3799A2B73A2E7004DBEB3 /* Code */ = {
			isa = PBXGroup;
			children = (
				8CA379A22B73A669004DBEB3 /* LocalNotifications */,
				8CA379B02B73D470004DBEB3 /* Extension */,
				8CA379A52B73A69B004DBEB3 /* Constants */,
				8CA379A32B73A683004DBEB3 /* TimeAndDate */,
				8CA3799F2B73A381004DBEB3 /* Alarm */,
			);
			path = Code;
			sourceTree = "<group>";
		};
		8CA3799B2B73A2EF004DBEB3 /* Resources */ = {
			isa = PBXGroup;
			children = (
				8CA379A42B73A696004DBEB3 /* Fonts */,
				8CA379A12B73A657004DBEB3 /* Sounds */,
				8CA3798E2B73A2CE004DBEB3 /* Assets.xcassets */,
				8CA379902B73A2CE004DBEB3 /* Alarm.entitlements */,
				8CA379912B73A2CE004DBEB3 /* Preview Content */,
				8CA379AC2B73AA61004DBEB3 /* Localizable.xcstrings */,
			);
			path = Resources;
			sourceTree = "<group>";
		};
		8CA3799C2B73A36D004DBEB3 /* Views */ = {
			isa = PBXGroup;
			children = (
				8CA379A72B73A6DF004DBEB3 /* SupportView */,
				8CA379A62B73A6D1004DBEB3 /* SubView */,
				8CA379A02B73A398004DBEB3 /* MainView */,
			);
			path = Views;
			sourceTree = "<group>";
		};
		8CA3799D2B73A372004DBEB3 /* Model */ = {
			isa = PBXGroup;
			children = (
				8CA379BD2B73EE24004DBEB3 /* AlarmModel.swift */,
			);
			path = Model;
			sourceTree = "<group>";
		};
		8CA3799F2B73A381004DBEB3 /* Alarm */ = {
			isa = PBXGroup;
			children = (
				8CA3799D2B73A372004DBEB3 /* Model */,
				8CA3799C2B73A36D004DBEB3 /* Views */,
			);
			path = Alarm;
			sourceTree = "<group>";
		};
		8CA379A02B73A398004DBEB3 /* MainView */ = {
			isa = PBXGroup;
			children = (
				8CCD358D2B7BCB6500008E0E /* ChooseAlarmView.swift */,
				8CA379DD2B74D127004DBEB3 /* AboutView.swift */,
				8CA379DF2B764632004DBEB3 /* AddEditAlarmView.swift */,
				8CA3798C2B73A2CB004DBEB3 /* MainAlarmView.swift */,
				8CA379C32B73F4ED004DBEB3 /* SplashScreenView.swift */,
				8C9A5C352B76AA4100847892 /* ListOfAlarmsView.swift */,
				8C78FC742B7CC7DF0028D800 /* ImageDisplayView.swift */,
				8C78FC762B7CC8CB0028D800 /* SelectView.swift */,
				8C7998B82B7A15B1006DF5F1 /* AddEditCircularAlarmView.swift */,
				8C7998C32B7A4228006DF5F1 /* MainAddEditAlarmView.swift */,
			);
			path = MainView;
			sourceTree = "<group>";
		};
		8CA379A12B73A657004DBEB3 /* Sounds */ = {
			isa = PBXGroup;
			children = (
				8C7998CE2B7A6FB0006DF5F1 /* bird forest.mp3 */,
				8C7998D62B7A6FB4006DF5F1 /* bird voices.mp3 */,
				8C7998DA2B7A6FB6006DF5F1 /* christmas_bells.mp3 */,
				8C7998D92B7A6FB5006DF5F1 /* forest birds sweden.mp3 */,
				8C7998CB2B7A6FAF006DF5F1 /* forest with cuckoo birds.mp3 */,
				8C7998D72B7A6FB5006DF5F1 /* Lagrima.aiff */,
				8C7998CA2B7A6FAE006DF5F1 /* mr_grinch_ravens.mp3 */,
				8C7998D52B7A6FB4006DF5F1 /* my_baby.mp3 */,
				8C7998CC2B7A6FAF006DF5F1 /* night ambience.mp3 */,
				8C7998D82B7A6FB5006DF5F1 /* owl hooting.mp3 */,
				8C7998D42B7A6FB3006DF5F1 /* peanuts_ringtone.mp3 */,
				8C7998C92B7A6FAE006DF5F1 /* screeching owl.mp3 */,
				8C7998D22B7A6FB3006DF5F1 /* soft rain ambient.mp3 */,
				8C7998D02B7A6FB1006DF5F1 /* Sound Wake up.aiff */,
				8C7998CF2B7A6FB1006DF5F1 /* tennessee_whiskey.mp3 */,
				8C7998DB2B7A6FB7006DF5F1 /* the beat of nature.mp3 */,
				8C7998D32B7A6FB3006DF5F1 /* turkey_time.mp3 */,
				8C7998DD2B7A6FB8006DF5F1 /* wasted_on_u.mp3 */,
				8C7998DC2B7A6FB8006DF5F1 /* waterfall.mp3 */,
				8C7998CD2B7A6FB0006DF5F1 /* welcome_to_my_house.mp3 */,
			);
			path = Sounds;
			sourceTree = "<group>";
		};
		8CA379A22B73A669004DBEB3 /* LocalNotifications */ = {
			isa = PBXGroup;
			children = (
				8C7998C72B7A6210006DF5F1 /* LocalNotificationManager.swift */,
				8CCD35852B7B8AE900008E0E /* PlaySound.swift */,
			);
			path = LocalNotifications;
			sourceTree = "<group>";
		};
		8CA379A32B73A683004DBEB3 /* TimeAndDate */ = {
			isa = PBXGroup;
			children = (
				8CA379B82B73E609004DBEB3 /* Support */,
				8CA379B72B73E5F8004DBEB3 /* Model */,
			);
			path = TimeAndDate;
			sourceTree = "<group>";
		};
		8CA379A42B73A696004DBEB3 /* Fonts */ = {
			isa = PBXGroup;
			children = (
				8CA379CC2B74B075004DBEB3 /* WorkSans-Italic-VariableFont_wght.ttf */,
				8CA379CB2B74B075004DBEB3 /* WorkSans-VariableFont_wght.ttf */,
			);
			path = Fonts;
			sourceTree = "<group>";
		};
		8CA379A52B73A69B004DBEB3 /* Constants */ = {
			isa = PBXGroup;
			children = (
				8CA379BF2B73F156004DBEB3 /* ActivityConstants.swift */,
				8CA379D12B74BC9F004DBEB3 /* ImageConstants.swift */,
				8CA379C12B73F22C004DBEB3 /* SoundConstants.swift */,
				8C78FC702B7BEA720028D800 /* AddEditViewType.swift */,
			);
			path = Constants;
			sourceTree = "<group>";
		};
		8CA379A62B73A6D1004DBEB3 /* SubView */ = {
			isa = PBXGroup;
			children = (
				8CA379E32B764B95004DBEB3 /* ToBeWakeUpView.swift */,
				8CA379E12B76474B004DBEB3 /* YouDidItView.swift */,
				8CA379D32B74BF18004DBEB3 /* EnableNotificationsView.swift */,
			);
			path = SubView;
			sourceTree = "<group>";
		};
		8CA379A72B73A6DF004DBEB3 /* SupportView */ = {
			isa = PBXGroup;
			children = (
				8CA379E72B766E10004DBEB3 /* AlarmToggleView.swift */,
				8CA379DB2B74CDD5004DBEB3 /* ButtonView.swift */,
				8CA379E52B766CB6004DBEB3 /* CancelSaveAlarmView.swift */,
				8C7998BC2B7A2249006DF5F1 /* CircularTimeView */,
				8CA379C72B73F7FF004DBEB3 /* CoolCircleView.swift */,
				8CA379CF2B74B0C8004DBEB3 /* CoolTextView.swift */,
				8CA379C52B73F6EE004DBEB3 /* FourCoolCircles.swift */,
				8CA379E92B766F04004DBEB3 /* GrayedTextView.swift */,
				8CA379D52B74C022004DBEB3 /* MainGradient.swift */,
				8C9A5C332B769D1600847892 /* SelectActivityView.swift */,
				8C7998C52B7A495B006DF5F1 /* SelectActivityViewExpanded.swift */,
				8CA379F02B7678A7004DBEB3 /* ShiftedCircle.swift */,
				8CA379EE2B767588004DBEB3 /* ShiftedTextView.swift */,
				8CCD35872B7B8E0200008E0E /* SoundMenuView.swift */,
				8CCD35892B7B957C00008E0E /* SoundMenuViewFromButton.swift */,
				8CA379EB2B767094004DBEB3 /* SwitchButtonView.swift */,
				8CA379B32B73D997004DBEB3 /* TimeOfDayIconView.swift */,
				8C9A5C312B769B4F00847892 /* TimePickerView.swift */,
				8C78FC722B7BF21C0028D800 /* AlarmRowViewButton.swift */,
			);
			path = SupportView;
			sourceTree = "<group>";
		};
		8CA379B02B73D470004DBEB3 /* Extension */ = {
			isa = PBXGroup;
			children = (
				8CA379B12B73D48A004DBEB3 /* ColorExtension.swift */,
				8CA379BB2B73E860004DBEB3 /* TimeAndDateExtension.swift */,
				8CCD35822B7B870900008E0E /* StringExtension.swift */,
			);
			path = Extension;
			sourceTree = "<group>";
		};
		8CA379B72B73E5F8004DBEB3 /* Model */ = {
			isa = PBXGroup;
			children = (
				8CA379B92B73E625004DBEB3 /* TimeModel.swift */,
			);
			path = Model;
			sourceTree = "<group>";
		};
		8CA379B82B73E609004DBEB3 /* Support */ = {
			isa = PBXGroup;
			children = (
				8CA379B52B73DA63004DBEB3 /* TimeAndDateSupport.swift */,
			);
			path = Support;
			sourceTree = "<group>";
		};
/* End PBXGroup section */

/* Begin PBXNativeTarget section */
		8CA379862B73A2CB004DBEB3 /* Alarm */ = {
			isa = PBXNativeTarget;
			buildConfigurationList = 8CA379962B73A2CE004DBEB3 /* Build configuration list for PBXNativeTarget "Alarm" */;
			buildPhases = (
				8CA379832B73A2CB004DBEB3 /* Sources */,
				8CA379842B73A2CB004DBEB3 /* Frameworks */,
				8CA379852B73A2CB004DBEB3 /* Resources */,
			);
			buildRules = (
			);
			dependencies = (
			);
			name = Alarm;
			productName = Alarm;
			productReference = 8CA379872B73A2CB004DBEB3 /* Alarm.app */;
			productType = "com.apple.product-type.application";
		};
/* End PBXNativeTarget section */

/* Begin PBXProject section */
		8CA3797F2B73A2CB004DBEB3 /* Project object */ = {
			isa = PBXProject;
			attributes = {
				BuildIndependentTargetsInParallel = 1;
				LastSwiftUpdateCheck = 1500;
				LastUpgradeCheck = 1520;
				TargetAttributes = {
					8CA379862B73A2CB004DBEB3 = {
						CreatedOnToolsVersion = 15.0.1;
					};
				};
			};
			buildConfigurationList = 8CA379822B73A2CB004DBEB3 /* Build configuration list for PBXProject "Alarm" */;
			compatibilityVersion = "Xcode 14.0";
			developmentRegion = en;
			hasScannedForEncodings = 0;
			knownRegions = (
				en,
				Base,
				ru,
				"be-BY",
			);
			mainGroup = 8CA3797E2B73A2CB004DBEB3;
			productRefGroup = 8CA379882B73A2CB004DBEB3 /* Products */;
			projectDirPath = "";
			projectRoot = "";
			targets = (
				8CA379862B73A2CB004DBEB3 /* Alarm */,
			);
		};
/* End PBXProject section */

/* Begin PBXResourcesBuildPhase section */
		8CA379852B73A2CB004DBEB3 /* Resources */ = {
			isa = PBXResourcesBuildPhase;
			buildActionMask = 2147483647;
			files = (
				8C7998F02B7A6FB8006DF5F1 /* christmas_bells.mp3 in Resources */,
				8C7998E52B7A6FB8006DF5F1 /* tennessee_whiskey.mp3 in Resources */,
				8C7998E42B7A6FB8006DF5F1 /* bird forest.mp3 in Resources */,
				8CA379CE2B74B076004DBEB3 /* WorkSans-Italic-VariableFont_wght.ttf in Resources */,
				8C7998E12B7A6FB8006DF5F1 /* forest with cuckoo birds.mp3 in Resources */,
				8C7998F22B7A6FB8006DF5F1 /* waterfall.mp3 in Resources */,
				8CA379932B73A2CE004DBEB3 /* Preview Assets.xcassets in Resources */,
				8C7998ED2B7A6FB8006DF5F1 /* Lagrima.aiff in Resources */,
				8CA379CD2B74B076004DBEB3 /* WorkSans-VariableFont_wght.ttf in Resources */,
				8CA3798F2B73A2CE004DBEB3 /* Assets.xcassets in Resources */,
				8C7998EA2B7A6FB8006DF5F1 /* peanuts_ringtone.mp3 in Resources */,
				8C7998E32B7A6FB8006DF5F1 /* welcome_to_my_house.mp3 in Resources */,
				8C7998EB2B7A6FB8006DF5F1 /* my_baby.mp3 in Resources */,
				8C7998E62B7A6FB8006DF5F1 /* Sound Wake up.aiff in Resources */,
				8C7998EC2B7A6FB8006DF5F1 /* bird voices.mp3 in Resources */,
				8C7998E82B7A6FB8006DF5F1 /* soft rain ambient.mp3 in Resources */,
				8C7998E02B7A6FB8006DF5F1 /* mr_grinch_ravens.mp3 in Resources */,
				8C7998EE2B7A6FB8006DF5F1 /* owl hooting.mp3 in Resources */,
				8CA379AD2B73AA61004DBEB3 /* Localizable.xcstrings in Resources */,
				8C7998EF2B7A6FB8006DF5F1 /* forest birds sweden.mp3 in Resources */,
				8C7998F32B7A6FB8006DF5F1 /* wasted_on_u.mp3 in Resources */,
				8C7998E22B7A6FB8006DF5F1 /* night ambience.mp3 in Resources */,
				8C7998DF2B7A6FB8006DF5F1 /* screeching owl.mp3 in Resources */,
				8C7998E92B7A6FB8006DF5F1 /* turkey_time.mp3 in Resources */,
				8C7998F12B7A6FB8006DF5F1 /* the beat of nature.mp3 in Resources */,
			);
			runOnlyForDeploymentPostprocessing = 0;
		};
/* End PBXResourcesBuildPhase section */

/* Begin PBXSourcesBuildPhase section */
		8CA379832B73A2CB004DBEB3 /* Sources */ = {
			isa = PBXSourcesBuildPhase;
			buildActionMask = 2147483647;
			files = (
				8CCD35882B7B8E0200008E0E /* SoundMenuView.swift in Sources */,
				8CA379EC2B767094004DBEB3 /* SwitchButtonView.swift in Sources */,
				8CCD35862B7B8AE900008E0E /* PlaySound.swift in Sources */,
				8CA379B42B73D997004DBEB3 /* TimeOfDayIconView.swift in Sources */,
				8CA379C22B73F22C004DBEB3 /* SoundConstants.swift in Sources */,
				8CA379F12B7678A7004DBEB3 /* ShiftedCircle.swift in Sources */,
				8C7998C02B7A3283006DF5F1 /* TimeArcView.swift in Sources */,
				8CA379EA2B766F04004DBEB3 /* GrayedTextView.swift in Sources */,
				8CA3798D2B73A2CB004DBEB3 /* MainAlarmView.swift in Sources */,
				8C7998BE2B7A2DA5006DF5F1 /* CentralDatePickerView.swift in Sources */,
				8C7998C22B7A38A3006DF5F1 /* DisplayIconOnCircularTimeView.swift in Sources */,
				8C78FC752B7CC7DF0028D800 /* ImageDisplayView.swift in Sources */,
				8CA379D02B74B0C8004DBEB3 /* CoolTextView.swift in Sources */,
				8CA379E02B764632004DBEB3 /* AddEditAlarmView.swift in Sources */,
				8CA379E62B766CB6004DBEB3 /* CancelSaveAlarmView.swift in Sources */,
				8C7998C62B7A495B006DF5F1 /* SelectActivityViewExpanded.swift in Sources */,
				8CA379BC2B73E860004DBEB3 /* TimeAndDateExtension.swift in Sources */,
				8C7998BB2B7A1901006DF5F1 /* CircularTimeView.swift in Sources */,
				8CA379B62B73DA63004DBEB3 /* TimeAndDateSupport.swift in Sources */,
				8CA379C02B73F156004DBEB3 /* ActivityConstants.swift in Sources */,
				8CA379BA2B73E625004DBEB3 /* TimeModel.swift in Sources */,
				8C7998C42B7A4228006DF5F1 /* MainAddEditAlarmView.swift in Sources */,
				8CA379E42B764B95004DBEB3 /* ToBeWakeUpView.swift in Sources */,
				8C9A5C322B769B5000847892 /* TimePickerView.swift in Sources */,
				8CA379DC2B74CDD5004DBEB3 /* ButtonView.swift in Sources */,
				8CA379BE2B73EE24004DBEB3 /* AlarmModel.swift in Sources */,
				8CA3798B2B73A2CB004DBEB3 /* AlarmApp.swift in Sources */,
				8CA379D42B74BF18004DBEB3 /* EnableNotificationsView.swift in Sources */,
				8C7998C82B7A6210006DF5F1 /* LocalNotificationManager.swift in Sources */,
				8C9A5C342B769D1600847892 /* SelectActivityView.swift in Sources */,
				8CA379D62B74C022004DBEB3 /* MainGradient.swift in Sources */,
				8CCD358E2B7BCB6500008E0E /* ChooseAlarmView.swift in Sources */,
				8CA379B22B73D48A004DBEB3 /* ColorExtension.swift in Sources */,
				8CA379C62B73F6EE004DBEB3 /* FourCoolCircles.swift in Sources */,
				8CA379E82B766E10004DBEB3 /* AlarmToggleView.swift in Sources */,
				8CA379C42B73F4ED004DBEB3 /* SplashScreenView.swift in Sources */,
				8CA379DE2B74D127004DBEB3 /* AboutView.swift in Sources */,
				8CA379EF2B767589004DBEB3 /* ShiftedTextView.swift in Sources */,
				8C78FC772B7CC8CB0028D800 /* SelectView.swift in Sources */,
				8CCD358A2B7B957C00008E0E /* SoundMenuViewFromButton.swift in Sources */,
				8CA379C82B73F7FF004DBEB3 /* CoolCircleView.swift in Sources */,
				8C9A5C362B76AA4100847892 /* ListOfAlarmsView.swift in Sources */,
				8CCD35832B7B870900008E0E /* StringExtension.swift in Sources */,
				8C7998B92B7A15B1006DF5F1 /* AddEditCircularAlarmView.swift in Sources */,
				8C78FC732B7BF21C0028D800 /* AlarmRowViewButton.swift in Sources */,
				8CA379E22B76474B004DBEB3 /* YouDidItView.swift in Sources */,
				8C78FC712B7BEA720028D800 /* AddEditViewType.swift in Sources */,
				8CA379D22B74BC9F004DBEB3 /* ImageConstants.swift in Sources */,
			);
			runOnlyForDeploymentPostprocessing = 0;
		};
/* End PBXSourcesBuildPhase section */

/* Begin XCBuildConfiguration section */
		8CA379942B73A2CE004DBEB3 /* Debug */ = {
			isa = XCBuildConfiguration;
			buildSettings = {
				ALWAYS_SEARCH_USER_PATHS = NO;
				ASSETCATALOG_COMPILER_GENERATE_SWIFT_ASSET_SYMBOL_EXTENSIONS = YES;
				CLANG_ANALYZER_LOCALIZABILITY_NONLOCALIZED = YES;
				CLANG_ANALYZER_NONNULL = YES;
				CLANG_ANALYZER_NUMBER_OBJECT_CONVERSION = YES_AGGRESSIVE;
				CLANG_CXX_LANGUAGE_STANDARD = "gnu++20";
				CLANG_ENABLE_MODULES = YES;
				CLANG_ENABLE_OBJC_ARC = YES;
				CLANG_ENABLE_OBJC_WEAK = YES;
				CLANG_WARN_BLOCK_CAPTURE_AUTORELEASING = YES;
				CLANG_WARN_BOOL_CONVERSION = YES;
				CLANG_WARN_COMMA = YES;
				CLANG_WARN_CONSTANT_CONVERSION = YES;
				CLANG_WARN_DEPRECATED_OBJC_IMPLEMENTATIONS = YES;
				CLANG_WARN_DIRECT_OBJC_ISA_USAGE = YES_ERROR;
				CLANG_WARN_DOCUMENTATION_COMMENTS = YES;
				CLANG_WARN_EMPTY_BODY = YES;
				CLANG_WARN_ENUM_CONVERSION = YES;
				CLANG_WARN_INFINITE_RECURSION = YES;
				CLANG_WARN_INT_CONVERSION = YES;
				CLANG_WARN_NON_LITERAL_NULL_CONVERSION = YES;
				CLANG_WARN_OBJC_IMPLICIT_RETAIN_SELF = YES;
				CLANG_WARN_OBJC_LITERAL_CONVERSION = YES;
				CLANG_WARN_OBJC_ROOT_CLASS = YES_ERROR;
				CLANG_WARN_QUOTED_INCLUDE_IN_FRAMEWORK_HEADER = YES;
				CLANG_WARN_RANGE_LOOP_ANALYSIS = YES;
				CLANG_WARN_STRICT_PROTOTYPES = YES;
				CLANG_WARN_SUSPICIOUS_MOVE = YES;
				CLANG_WARN_UNGUARDED_AVAILABILITY = YES_AGGRESSIVE;
				CLANG_WARN_UNREACHABLE_CODE = YES;
				CLANG_WARN__DUPLICATE_METHOD_MATCH = YES;
				COPY_PHASE_STRIP = NO;
				DEAD_CODE_STRIPPING = YES;
				DEBUG_INFORMATION_FORMAT = dwarf;
				ENABLE_STRICT_OBJC_MSGSEND = YES;
				ENABLE_TESTABILITY = YES;
				ENABLE_USER_SCRIPT_SANDBOXING = YES;
				GCC_C_LANGUAGE_STANDARD = gnu17;
				GCC_DYNAMIC_NO_PIC = NO;
				GCC_NO_COMMON_BLOCKS = YES;
				GCC_OPTIMIZATION_LEVEL = 0;
				GCC_PREPROCESSOR_DEFINITIONS = (
					"DEBUG=1",
					"$(inherited)",
				);
				GCC_WARN_64_TO_32_BIT_CONVERSION = YES;
				GCC_WARN_ABOUT_RETURN_TYPE = YES_ERROR;
				GCC_WARN_UNDECLARED_SELECTOR = YES;
				GCC_WARN_UNINITIALIZED_AUTOS = YES_AGGRESSIVE;
				GCC_WARN_UNUSED_FUNCTION = YES;
				GCC_WARN_UNUSED_VARIABLE = YES;
				LOCALIZATION_PREFERS_STRING_CATALOGS = YES;
				MTL_ENABLE_DEBUG_INFO = INCLUDE_SOURCE;
				MTL_FAST_MATH = YES;
				ONLY_ACTIVE_ARCH = YES;
				SWIFT_ACTIVE_COMPILATION_CONDITIONS = "DEBUG $(inherited)";
				SWIFT_OPTIMIZATION_LEVEL = "-Onone";
			};
			name = Debug;
		};
		8CA379952B73A2CE004DBEB3 /* Release */ = {
			isa = XCBuildConfiguration;
			buildSettings = {
				ALWAYS_SEARCH_USER_PATHS = NO;
				ASSETCATALOG_COMPILER_GENERATE_SWIFT_ASSET_SYMBOL_EXTENSIONS = YES;
				CLANG_ANALYZER_LOCALIZABILITY_NONLOCALIZED = YES;
				CLANG_ANALYZER_NONNULL = YES;
				CLANG_ANALYZER_NUMBER_OBJECT_CONVERSION = YES_AGGRESSIVE;
				CLANG_CXX_LANGUAGE_STANDARD = "gnu++20";
				CLANG_ENABLE_MODULES = YES;
				CLANG_ENABLE_OBJC_ARC = YES;
				CLANG_ENABLE_OBJC_WEAK = YES;
				CLANG_WARN_BLOCK_CAPTURE_AUTORELEASING = YES;
				CLANG_WARN_BOOL_CONVERSION = YES;
				CLANG_WARN_COMMA = YES;
				CLANG_WARN_CONSTANT_CONVERSION = YES;
				CLANG_WARN_DEPRECATED_OBJC_IMPLEMENTATIONS = YES;
				CLANG_WARN_DIRECT_OBJC_ISA_USAGE = YES_ERROR;
				CLANG_WARN_DOCUMENTATION_COMMENTS = YES;
				CLANG_WARN_EMPTY_BODY = YES;
				CLANG_WARN_ENUM_CONVERSION = YES;
				CLANG_WARN_INFINITE_RECURSION = YES;
				CLANG_WARN_INT_CONVERSION = YES;
				CLANG_WARN_NON_LITERAL_NULL_CONVERSION = YES;
				CLANG_WARN_OBJC_IMPLICIT_RETAIN_SELF = YES;
				CLANG_WARN_OBJC_LITERAL_CONVERSION = YES;
				CLANG_WARN_OBJC_ROOT_CLASS = YES_ERROR;
				CLANG_WARN_QUOTED_INCLUDE_IN_FRAMEWORK_HEADER = YES;
				CLANG_WARN_RANGE_LOOP_ANALYSIS = YES;
				CLANG_WARN_STRICT_PROTOTYPES = YES;
				CLANG_WARN_SUSPICIOUS_MOVE = YES;
				CLANG_WARN_UNGUARDED_AVAILABILITY = YES_AGGRESSIVE;
				CLANG_WARN_UNREACHABLE_CODE = YES;
				CLANG_WARN__DUPLICATE_METHOD_MATCH = YES;
				COPY_PHASE_STRIP = NO;
				DEAD_CODE_STRIPPING = YES;
				DEBUG_INFORMATION_FORMAT = "dwarf-with-dsym";
				ENABLE_NS_ASSERTIONS = NO;
				ENABLE_STRICT_OBJC_MSGSEND = YES;
				ENABLE_USER_SCRIPT_SANDBOXING = YES;
				GCC_C_LANGUAGE_STANDARD = gnu17;
				GCC_NO_COMMON_BLOCKS = YES;
				GCC_WARN_64_TO_32_BIT_CONVERSION = YES;
				GCC_WARN_ABOUT_RETURN_TYPE = YES_ERROR;
				GCC_WARN_UNDECLARED_SELECTOR = YES;
				GCC_WARN_UNINITIALIZED_AUTOS = YES_AGGRESSIVE;
				GCC_WARN_UNUSED_FUNCTION = YES;
				GCC_WARN_UNUSED_VARIABLE = YES;
				LOCALIZATION_PREFERS_STRING_CATALOGS = YES;
				MTL_ENABLE_DEBUG_INFO = NO;
				MTL_FAST_MATH = YES;
				SWIFT_COMPILATION_MODE = wholemodule;
			};
			name = Release;
		};
		8CA379972B73A2CE004DBEB3 /* Debug */ = {
			isa = XCBuildConfiguration;
			buildSettings = {
				ASSETCATALOG_COMPILER_APPICON_NAME = AppIcon;
				ASSETCATALOG_COMPILER_GLOBAL_ACCENT_COLOR_NAME = AccentColor;
				CODE_SIGN_ENTITLEMENTS = Alarm/Resources/Alarm.entitlements;
				CODE_SIGN_STYLE = Automatic;
				CURRENT_PROJECT_VERSION = 1;
				DEAD_CODE_STRIPPING = YES;
				DEVELOPMENT_ASSET_PATHS = "\"Alarm/Resources/Preview Content\"";
				DEVELOPMENT_TEAM = DD3P835Y9D;
				ENABLE_HARDENED_RUNTIME = YES;
				ENABLE_PREVIEWS = YES;
				GENERATE_INFOPLIST_FILE = YES;
				"INFOPLIST_KEY_UIApplicationSceneManifest_Generation[sdk=iphoneos*]" = YES;
				"INFOPLIST_KEY_UIApplicationSceneManifest_Generation[sdk=iphonesimulator*]" = YES;
				"INFOPLIST_KEY_UIApplicationSupportsIndirectInputEvents[sdk=iphoneos*]" = YES;
				"INFOPLIST_KEY_UIApplicationSupportsIndirectInputEvents[sdk=iphonesimulator*]" = YES;
				"INFOPLIST_KEY_UILaunchScreen_Generation[sdk=iphoneos*]" = YES;
				"INFOPLIST_KEY_UILaunchScreen_Generation[sdk=iphonesimulator*]" = YES;
				"INFOPLIST_KEY_UIStatusBarStyle[sdk=iphoneos*]" = UIStatusBarStyleDefault;
				"INFOPLIST_KEY_UIStatusBarStyle[sdk=iphonesimulator*]" = UIStatusBarStyleDefault;
				INFOPLIST_KEY_UISupportedInterfaceOrientations_iPad = "UIInterfaceOrientationPortrait UIInterfaceOrientationPortraitUpsideDown UIInterfaceOrientationLandscapeLeft UIInterfaceOrientationLandscapeRight";
				INFOPLIST_KEY_UISupportedInterfaceOrientations_iPhone = "UIInterfaceOrientationPortrait UIInterfaceOrientationLandscapeLeft UIInterfaceOrientationLandscapeRight";
				IPHONEOS_DEPLOYMENT_TARGET = 17.0;
				LD_RUNPATH_SEARCH_PATHS = "@executable_path/Frameworks";
				"LD_RUNPATH_SEARCH_PATHS[sdk=macosx*]" = "@executable_path/../Frameworks";
				MACOSX_DEPLOYMENT_TARGET = 14.0;
				MARKETING_VERSION = 1.0;
				PRODUCT_BUNDLE_IDENTIFIER = com.aldnur.Alarm;
				PRODUCT_NAME = "$(TARGET_NAME)";
				SDKROOT = auto;
				SUPPORTED_PLATFORMS = "iphoneos iphonesimulator macosx";
				SWIFT_EMIT_LOC_STRINGS = YES;
				SWIFT_VERSION = 5.0;
				TARGETED_DEVICE_FAMILY = "1,2";
			};
			name = Debug;
		};
		8CA379982B73A2CE004DBEB3 /* Release */ = {
			isa = XCBuildConfiguration;
			buildSettings = {
				ASSETCATALOG_COMPILER_APPICON_NAME = AppIcon;
				ASSETCATALOG_COMPILER_GLOBAL_ACCENT_COLOR_NAME = AccentColor;
				CODE_SIGN_ENTITLEMENTS = Alarm/Resources/Alarm.entitlements;
				CODE_SIGN_STYLE = Automatic;
				CURRENT_PROJECT_VERSION = 1;
				DEAD_CODE_STRIPPING = YES;
				DEVELOPMENT_ASSET_PATHS = "\"Alarm/Resources/Preview Content\"";
				DEVELOPMENT_TEAM = DD3P835Y9D;
				ENABLE_HARDENED_RUNTIME = YES;
				ENABLE_PREVIEWS = YES;
				GENERATE_INFOPLIST_FILE = YES;
				"INFOPLIST_KEY_UIApplicationSceneManifest_Generation[sdk=iphoneos*]" = YES;
				"INFOPLIST_KEY_UIApplicationSceneManifest_Generation[sdk=iphonesimulator*]" = YES;
				"INFOPLIST_KEY_UIApplicationSupportsIndirectInputEvents[sdk=iphoneos*]" = YES;
				"INFOPLIST_KEY_UIApplicationSupportsIndirectInputEvents[sdk=iphonesimulator*]" = YES;
				"INFOPLIST_KEY_UILaunchScreen_Generation[sdk=iphoneos*]" = YES;
				"INFOPLIST_KEY_UILaunchScreen_Generation[sdk=iphonesimulator*]" = YES;
				"INFOPLIST_KEY_UIStatusBarStyle[sdk=iphoneos*]" = UIStatusBarStyleDefault;
				"INFOPLIST_KEY_UIStatusBarStyle[sdk=iphonesimulator*]" = UIStatusBarStyleDefault;
				INFOPLIST_KEY_UISupportedInterfaceOrientations_iPad = "UIInterfaceOrientationPortrait UIInterfaceOrientationPortraitUpsideDown UIInterfaceOrientationLandscapeLeft UIInterfaceOrientationLandscapeRight";
				INFOPLIST_KEY_UISupportedInterfaceOrientations_iPhone = "UIInterfaceOrientationPortrait UIInterfaceOrientationLandscapeLeft UIInterfaceOrientationLandscapeRight";
				IPHONEOS_DEPLOYMENT_TARGET = 17.0;
				LD_RUNPATH_SEARCH_PATHS = "@executable_path/Frameworks";
				"LD_RUNPATH_SEARCH_PATHS[sdk=macosx*]" = "@executable_path/../Frameworks";
				MACOSX_DEPLOYMENT_TARGET = 14.0;
				MARKETING_VERSION = 1.0;
				PRODUCT_BUNDLE_IDENTIFIER = com.aldnur.Alarm;
				PRODUCT_NAME = "$(TARGET_NAME)";
				SDKROOT = auto;
				SUPPORTED_PLATFORMS = "iphoneos iphonesimulator macosx";
				SWIFT_EMIT_LOC_STRINGS = YES;
				SWIFT_VERSION = 5.0;
				TARGETED_DEVICE_FAMILY = "1,2";
			};
			name = Release;
		};
/* End XCBuildConfiguration section */

/* Begin XCConfigurationList section */
		8CA379822B73A2CB004DBEB3 /* Build configuration list for PBXProject "Alarm" */ = {
			isa = XCConfigurationList;
			buildConfigurations = (
				8CA379942B73A2CE004DBEB3 /* Debug */,
				8CA379952B73A2CE004DBEB3 /* Release */,
			);
			defaultConfigurationIsVisible = 0;
			defaultConfigurationName = Release;
		};
		8CA379962B73A2CE004DBEB3 /* Build configuration list for PBXNativeTarget "Alarm" */ = {
			isa = XCConfigurationList;
			buildConfigurations = (
				8CA379972B73A2CE004DBEB3 /* Debug */,
				8CA379982B73A2CE004DBEB3 /* Release */,
			);
			defaultConfigurationIsVisible = 0;
			defaultConfigurationName = Release;
		};
/* End XCConfigurationList section */
	};
	rootObject = 8CA3797F2B73A2CB004DBEB3 /* Project object */;
}
